
Microsoft Visual Studio Solution File, Format Version 12.00
# Visual Studio Version 16
VisualStudioVersion = 16.0.30523.141
MinimumVisualStudioVersion = 10.0.40219.1
Project("{FAE04EC0-301F-11D3-BF4B-00C04F79EFBC}") = "WindowsFormsApp1", "WindowsFormsApp1\WindowsFormsApp1.csproj", "{AB4ED2C6-0820-4D33-B74E-3B1185288ED7}"
EndProject
Project("{2150E333-8FDC-42A3-9474-1A3956D46DE8}") = "dokuman", "dokuman", "{CEBA8A5D-91C3-44F3-AB57-DE4D0909C256}"
	ProjectSection(SolutionItems) = preProject
		..\..\..\OneDrive\Masaüstü\belge\yazlab1.pdf = ..\..\..\OneDrive\Masaüstü\belge\yazlab1.pdf
	EndProjectSection
EndProject
Global
	GlobalSection(SolutionConfigurationPlatforms) = preSolution
		Debug|Any CPU = Debug|Any CPU
		Release|Any CPU = Release|Any CPU
	EndGlobalSection
	GlobalSection(ProjectConfigurationPlatforms) = postSolution
		{AB4ED2C6-0820-4D33-B74E-3B1185288ED7}.Debug|Any CPU.ActiveCfg = Debug|Any CPU
		{AB4ED2C6-0820-4D33-B74E-3B1185288ED7}.Debug|Any CPU.Build.0 = Debug|Any CPU
		{AB4ED2C6-0820-4D33-B74E-3B1185288ED7}.Release|Any CPU.ActiveCfg = Release|Any CPU
		{AB4ED2C6-0820-4D33-B74E-3B1185288ED7}.Release|Any CPU.Build.0 = Release|Any CPU
	EndGlobalSection
	GlobalSection(SolutionProperties) = preSolution
		HideSolutionNode = FALSE
	EndGlobalSection
	GlobalSection(ExtensibilityGlobals) = postSolution
		SolutionGuid = {B1339F6D-B749-4F73-A0CC-445693BB4974}
	EndGlobalSection
EndGlobal
